{
  "name": "proyecto-nuevo",
  "version": "1.0.0",
  "lockfileVersion": 3,
  "requires": true,
  "packages": {
    "": {
      "name": "proyecto-nuevo",
      "version": "1.0.0",
      "workspaces": [
        "packages/*"
      ]
    },
    "node_modules/@proyecto-nuevo/toroidal-vortex": {
      "resolved": "packages/toroidal-vortex",
      "link": true
    },
    "packages/toroidal-vortex": {
      "name": "@proyecto-nuevo/toroidal-vortex",
      "version": "1.0.0"
    }
  }
}
